// !$*UTF8*$!
{
	archiveVersion = 1;
	classes = {
	};
	objectVersion = 56;
	objects = {

/* Begin PBXBuildFile section */
		841DA92128DF5C010031BC6C /* HomeViewController.swift in Sources */ = {isa = PBXBuildFile; fileRef = 841DA92028DF5C010031BC6C /* HomeViewController.swift */; };
		841DA92328DF5C120031BC6C /* SearchViewController.swift in Sources */ = {isa = PBXBuildFile; fileRef = 841DA92228DF5C120031BC6C /* SearchViewController.swift */; };
		841DA92528DF5C200031BC6C /* NotificationsViewController.swift in Sources */ = {isa = PBXBuildFile; fileRef = 841DA92428DF5C200031BC6C /* NotificationsViewController.swift */; };
		841DA92728DF5C2C0031BC6C /* DirectMessagesViewController.swift in Sources */ = {isa = PBXBuildFile; fileRef = 841DA92628DF5C2C0031BC6C /* DirectMessagesViewController.swift */; };
		841DA92A28DF64530031BC6C /* TweetTableViewCell.swift in Sources */ = {isa = PBXBuildFile; fileRef = 841DA92928DF64530031BC6C /* TweetTableViewCell.swift */; };
		841DA92D28E10F550031BC6C /* ProfileViewController.swift in Sources */ = {isa = PBXBuildFile; fileRef = 841DA92C28E10F550031BC6C /* ProfileViewController.swift */; };
		841DA92F28E246740031BC6C /* ProfileTableViewHeader.swift in Sources */ = {isa = PBXBuildFile; fileRef = 841DA92E28E246740031BC6C /* ProfileTableViewHeader.swift */; };
		845FAD1628D7C11B006BF287 /* AppDelegate.swift in Sources */ = {isa = PBXBuildFile; fileRef = 845FAD1528D7C11B006BF287 /* AppDelegate.swift */; };
		845FAD1828D7C11B006BF287 /* SceneDelegate.swift in Sources */ = {isa = PBXBuildFile; fileRef = 845FAD1728D7C11B006BF287 /* SceneDelegate.swift */; };
		845FAD1A28D7C11B006BF287 /* MainTabbarViewController.swift in Sources */ = {isa = PBXBuildFile; fileRef = 845FAD1928D7C11B006BF287 /* MainTabbarViewController.swift */; };
		845FAD1D28D7C11B006BF287 /* Main.storyboard in Resources */ = {isa = PBXBuildFile; fileRef = 845FAD1B28D7C11B006BF287 /* Main.storyboard */; };
		845FAD2028D7C11B006BF287 /* Twitter_Clone.xcdatamodeld in Sources */ = {isa = PBXBuildFile; fileRef = 845FAD1E28D7C11B006BF287 /* Twitter_Clone.xcdatamodeld */; };
		845FAD2228D7C11C006BF287 /* Assets.xcassets in Resources */ = {isa = PBXBuildFile; fileRef = 845FAD2128D7C11C006BF287 /* Assets.xcassets */; };
		845FAD2528D7C11C006BF287 /* LaunchScreen.storyboard in Resources */ = {isa = PBXBuildFile; fileRef = 845FAD2328D7C11C006BF287 /* LaunchScreen.storyboard */; };
/* End PBXBuildFile section */

/* Begin PBXFileReference section */
		841DA92028DF5C010031BC6C /* HomeViewController.swift */ = {isa = PBXFileReference; lastKnownFileType = sourcecode.swift; path = HomeViewController.swift; sourceTree = "<group>"; };
		841DA92228DF5C120031BC6C /* SearchViewController.swift */ = {isa = PBXFileReference; lastKnownFileType = sourcecode.swift; path = SearchViewController.swift; sourceTree = "<group>"; };
		841DA92428DF5C200031BC6C /* NotificationsViewController.swift */ = {isa = PBXFileReference; lastKnownFileType = sourcecode.swift; path = NotificationsViewController.swift; sourceTree = "<group>"; };
		841DA92628DF5C2C0031BC6C /* DirectMessagesViewController.swift */ = {isa = PBXFileReference; lastKnownFileType = sourcecode.swift; path = DirectMessagesViewController.swift; sourceTree = "<group>"; };
		841DA92928DF64530031BC6C /* TweetTableViewCell.swift */ = {isa = PBXFileReference; lastKnownFileType = sourcecode.swift; path = TweetTableViewCell.swift; sourceTree = "<group>"; };
		841DA92C28E10F550031BC6C /* ProfileViewController.swift */ = {isa = PBXFileReference; lastKnownFileType = sourcecode.swift; path = ProfileViewController.swift; sourceTree = "<group>"; };
		841DA92E28E246740031BC6C /* ProfileTableViewHeader.swift */ = {isa = PBXFileReference; lastKnownFileType = sourcecode.swift; path = ProfileTableViewHeader.swift; sourceTree = "<group>"; };
		845FAD1228D7C11B006BF287 /* Twitter Clone.app */ = {isa = PBXFileReference; explicitFileType = wrapper.application; includeInIndex = 0; path = "Twitter Clone.app"; sourceTree = BUILT_PRODUCTS_DIR; };
		845FAD1528D7C11B006BF287 /* AppDelegate.swift */ = {isa = PBXFileReference; lastKnownFileType = sourcecode.swift; path = AppDelegate.swift; sourceTree = "<group>"; };
		845FAD1728D7C11B006BF287 /* SceneDelegate.swift */ = {isa = PBXFileReference; lastKnownFileType = sourcecode.swift; path = SceneDelegate.swift; sourceTree = "<group>"; };
		845FAD1928D7C11B006BF287 /* MainTabbarViewController.swift */ = {isa = PBXFileReference; lastKnownFileType = sourcecode.swift; path = MainTabbarViewController.swift; sourceTree = "<group>"; };
		845FAD1C28D7C11B006BF287 /* Base */ = {isa = PBXFileReference; lastKnownFileType = file.storyboard; name = Base; path = Base.lproj/Main.storyboard; sourceTree = "<group>"; };
		845FAD1F28D7C11B006BF287 /* Twitter_Clone.xcdatamodel */ = {isa = PBXFileReference; lastKnownFileType = wrapper.xcdatamodel; path = Twitter_Clone.xcdatamodel; sourceTree = "<group>"; };
		845FAD2128D7C11C006BF287 /* Assets.xcassets */ = {isa = PBXFileReference; lastKnownFileType = folder.assetcatalog; path = Assets.xcassets; sourceTree = "<group>"; };
		845FAD2428D7C11C006BF287 /* Base */ = {isa = PBXFileReference; lastKnownFileType = file.storyboard; name = Base; path = Base.lproj/LaunchScreen.storyboard; sourceTree = "<group>"; };
		845FAD2628D7C11C006BF287 /* Info.plist */ = {isa = PBXFileReference; lastKnownFileType = text.plist.xml; path = Info.plist; sourceTree = "<group>"; };
/* End PBXFileReference section */

/* Begin PBXFrameworksBuildPhase section */
		845FAD0F28D7C11B006BF287 /* Frameworks */ = {
			isa = PBXFrameworksBuildPhase;
			buildActionMask = 2147483647;
			files = (
			);
			runOnlyForDeploymentPostprocessing = 0;
		};
/* End PBXFrameworksBuildPhase section */

/* Begin PBXGroup section */
		841DA91E28DF5BD10031BC6C /* Controllers */ = {
			isa = PBXGroup;
			children = (
				841DA92B28E10F3C0031BC6C /* General */,
				841DA91F28DF5BDB0031BC6C /* Core */,
			);
			path = Controllers;
			sourceTree = "<group>";
		};
		841DA91F28DF5BDB0031BC6C /* Core */ = {
			isa = PBXGroup;
			children = (
				845FAD1928D7C11B006BF287 /* MainTabbarViewController.swift */,
				841DA92028DF5C010031BC6C /* HomeViewController.swift */,
				841DA92228DF5C120031BC6C /* SearchViewController.swift */,
				841DA92428DF5C200031BC6C /* NotificationsViewController.swift */,
				841DA92628DF5C2C0031BC6C /* DirectMessagesViewController.swift */,
			);
			path = Core;
			sourceTree = "<group>";
		};
		841DA92828DF64260031BC6C /* Views */ = {
			isa = PBXGroup;
			children = (
				841DA92928DF64530031BC6C /* TweetTableViewCell.swift */,
				841DA92E28E246740031BC6C /* ProfileTableViewHeader.swift */,
			);
			path = Views;
			sourceTree = "<group>";
		};
		841DA92B28E10F3C0031BC6C /* General */ = {
			isa = PBXGroup;
			children = (
				841DA92C28E10F550031BC6C /* ProfileViewController.swift */,
			);
			path = General;
			sourceTree = "<group>";
		};
		845FAD0928D7C11B006BF287 = {
			isa = PBXGroup;
			children = (
				845FAD1428D7C11B006BF287 /* Twitter Clone */,
				845FAD1328D7C11B006BF287 /* Products */,
			);
			sourceTree = "<group>";
		};
		845FAD1328D7C11B006BF287 /* Products */ = {
			isa = PBXGroup;
			children = (
				845FAD1228D7C11B006BF287 /* Twitter Clone.app */,
			);
			name = Products;
			sourceTree = "<group>";
		};
		845FAD1428D7C11B006BF287 /* Twitter Clone */ = {
			isa = PBXGroup;
			children = (
				841DA92828DF64260031BC6C /* Views */,
				841DA91E28DF5BD10031BC6C /* Controllers */,
				845FAD1528D7C11B006BF287 /* AppDelegate.swift */,
				845FAD1728D7C11B006BF287 /* SceneDelegate.swift */,
				845FAD1B28D7C11B006BF287 /* Main.storyboard */,
				845FAD2128D7C11C006BF287 /* Assets.xcassets */,
				845FAD2328D7C11C006BF287 /* LaunchScreen.storyboard */,
				845FAD2628D7C11C006BF287 /* Info.plist */,
				845FAD1E28D7C11B006BF287 /* Twitter_Clone.xcdatamodeld */,
			);
			path = "Twitter Clone";
			sourceTree = "<group>";
		};
/* End PBXGroup section */

/* Begin PBXNativeTarget section */
		845FAD1128D7C11B006BF287 /* Twitter Clone */ = {
			isa = PBXNativeTarget;
			buildConfigurationList = 845FAD2928D7C11C006BF287 /* Build configuration list for PBXNativeTarget "Twitter Clone" */;
			buildPhases = (
				845FAD0E28D7C11B006BF287 /* Sources */,
				845FAD0F28D7C11B006BF287 /* Frameworks */,
				845FAD1028D7C11B006BF287 /* Resources */,
			);
			buildRules = (
			);
			dependencies = (
			);
			name = "Twitter Clone";
			productName = "Twitter Clone";
			productReference = 845FAD1228D7C11B006BF287 /* Twitter Clone.app */;
			productType = "com.apple.product-type.application";
		};
/* End PBXNativeTarget section */

/* Begin PBXProject section */
		845FAD0A28D7C11B006BF287 /* Project object */ = {
			isa = PBXProject;
			attributes = {
				BuildIndependentTargetsInParallel = 1;
				LastSwiftUpdateCheck = 1400;
				LastUpgradeCheck = 1400;
				TargetAttributes = {
					845FAD1128D7C11B006BF287 = {
						CreatedOnToolsVersion = 14.0;
					};
				};
			};
			buildConfigurationList = 845FAD0D28D7C11B006BF287 /* Build configuration list for PBXProject "Twitter Clone" */;
			compatibilityVersion = "Xcode 14.0";
			developmentRegion = en;
			hasScannedForEncodings = 0;
			knownRegions = (
				en,
				Base,
			);
			mainGroup = 845FAD0928D7C11B006BF287;
			productRefGroup = 845FAD1328D7C11B006BF287 /* Products */;
			projectDirPath = "";
			projectRoot = "";
			targets = (
				845FAD1128D7C11B006BF287 /* Twitter Clone */,
			);
		};
/* End PBXProject section */

/* Begin PBXResourcesBuildPhase section */
		845FAD1028D7C11B006BF287 /* Resources */ = {
			isa = PBXResourcesBuildPhase;
			buildActionMask = 2147483647;
			files = (
				845FAD2528D7C11C006BF287 /* LaunchScreen.storyboard in Resources */,
				845FAD2228D7C11C006BF287 /* Assets.xcassets in Resources */,
				845FAD1D28D7C11B006BF287 /* Main.storyboard in Resources */,
			);
			runOnlyForDeploymentPostprocessing = 0;
		};
/* End PBXResourcesBuildPhase section */

/* Begin PBXSourcesBuildPhase section */
		845FAD0E28D7C11B006BF287 /* Sources */ = {
			isa = PBXSourcesBuildPhase;
			buildActionMask = 2147483647;
			files = (
				841DA92328DF5C120031BC6C /* SearchViewController.swift in Sources */,
				841DA92128DF5C010031BC6C /* HomeViewController.swift in Sources */,
				841DA92D28E10F550031BC6C /* ProfileViewController.swift in Sources */,
				841DA92A28DF64530031BC6C /* TweetTableViewCell.swift in Sources */,
				845FAD1A28D7C11B006BF287 /* MainTabbarViewController.swift in Sources */,
				841DA92728DF5C2C0031BC6C /* DirectMessagesViewController.swift in Sources */,
				845FAD2028D7C11B006BF287 /* Twitter_Clone.xcdatamodeld in Sources */,
				845FAD1628D7C11B006BF287 /* AppDelegate.swift in Sources */,
				841DA92528DF5C200031BC6C /* NotificationsViewController.swift in Sources */,
				845FAD1828D7C11B006BF287 /* SceneDelegate.swift in Sources */,
				841DA92F28E246740031BC6C /* ProfileTableViewHeader.swift in Sources */,
			);
			runOnlyForDeploymentPostprocessing = 0;
		};
/* End PBXSourcesBuildPhase section */

/* Begin PBXVariantGroup section */
		845FAD1B28D7C11B006BF287 /* Main.storyboard */ = {
			isa = PBXVariantGroup;
			children = (
				845FAD1C28D7C11B006BF287 /* Base */,
			);
			name = Main.storyboard;
			sourceTree = "<group>";
		};
		845FAD2328D7C11C006BF287 /* LaunchScreen.storyboard */ = {
			isa = PBXVariantGroup;
			children = (
				845FAD2428D7C11C006BF287 /* Base */,
			);
			name = LaunchScreen.storyboard;
			sourceTree = "<group>";
		};
/* End PBXVariantGroup section */

/* Begin XCBuildConfiguration section */
		845FAD2728D7C11C006BF287 /* Debug */ = {
			isa = XCBuildConfiguration;
			buildSettings = {
				ALWAYS_SEARCH_USER_PATHS = NO;
				CLANG_ANALYZER_NONNULL = YES;
				CLANG_ANALYZER_NUMBER_OBJECT_CONVERSION = YES_AGGRESSIVE;
				CLANG_CXX_LANGUAGE_STANDARD = "gnu++20";
				CLANG_ENABLE_MODULES = YES;
				CLANG_ENABLE_OBJC_ARC = YES;
				CLANG_ENABLE_OBJC_WEAK = YES;
				CLANG_WARN_BLOCK_CAPTURE_AUTORELEASING = YES;
				CLANG_WARN_BOOL_CONVERSION = YES;
				CLANG_WARN_COMMA = YES;
				CLANG_WARN_CONSTANT_CONVERSION = YES;
				CLANG_WARN_DEPRECATED_OBJC_IMPLEMENTATIONS = YES;
				CLANG_WARN_DIRECT_OBJC_ISA_USAGE = YES_ERROR;
				CLANG_WARN_DOCUMENTATION_COMMENTS = YES;
				CLANG_WARN_EMPTY_BODY = YES;
				CLANG_WARN_ENUM_CONVERSION = YES;
				CLANG_WARN_INFINITE_RECURSION = YES;
				CLANG_WARN_INT_CONVERSION = YES;
				CLANG_WARN_NON_LITERAL_NULL_CONVERSION = YES;
				CLANG_WARN_OBJC_IMPLICIT_RETAIN_SELF = YES;
				CLANG_WARN_OBJC_LITERAL_CONVERSION = YES;
				CLANG_WARN_OBJC_ROOT_CLASS = YES_ERROR;
				CLANG_WARN_QUOTED_INCLUDE_IN_FRAMEWORK_HEADER = YES;
				CLANG_WARN_RANGE_LOOP_ANALYSIS = YES;
				CLANG_WARN_STRICT_PROTOTYPES = YES;
				CLANG_WARN_SUSPICIOUS_MOVE = YES;
				CLANG_WARN_UNGUARDED_AVAILABILITY = YES_AGGRESSIVE;
				CLANG_WARN_UNREACHABLE_CODE = YES;
				CLANG_WARN__DUPLICATE_METHOD_MATCH = YES;
				COPY_PHASE_STRIP = NO;
				DEBUG_INFORMATION_FORMAT = dwarf;
				ENABLE_STRICT_OBJC_MSGSEND = YES;
				ENABLE_TESTABILITY = YES;
				GCC_C_LANGUAGE_STANDARD = gnu11;
				GCC_DYNAMIC_NO_PIC = NO;
				GCC_NO_COMMON_BLOCKS = YES;
				GCC_OPTIMIZATION_LEVEL = 0;
				GCC_PREPROCESSOR_DEFINITIONS = (
					"DEBUG=1",
					"$(inherited)",
				);
				GCC_WARN_64_TO_32_BIT_CONVERSION = YES;
				GCC_WARN_ABOUT_RETURN_TYPE = YES_ERROR;
				GCC_WARN_UNDECLARED_SELECTOR = YES;
				GCC_WARN_UNINITIALIZED_AUTOS = YES_AGGRESSIVE;
				GCC_WARN_UNUSED_FUNCTION = YES;
				GCC_WARN_UNUSED_VARIABLE = YES;
				IPHONEOS_DEPLOYMENT_TARGET = 16.0;
				MTL_ENABLE_DEBUG_INFO = INCLUDE_SOURCE;
				MTL_FAST_MATH = YES;
				ONLY_ACTIVE_ARCH = YES;
				SDKROOT = iphoneos;
				SWIFT_ACTIVE_COMPILATION_CONDITIONS = DEBUG;
				SWIFT_OPTIMIZATION_LEVEL = "-Onone";
			};
			name = Debug;
		};
		845FAD2828D7C11C006BF287 /* Release */ = {
			isa = XCBuildConfiguration;
			buildSettings = {
				ALWAYS_SEARCH_USER_PATHS = NO;
				CLANG_ANALYZER_NONNULL = YES;
				CLANG_ANALYZER_NUMBER_OBJECT_CONVERSION = YES_AGGRESSIVE;
				CLANG_CXX_LANGUAGE_STANDARD = "gnu++20";
				CLANG_ENABLE_MODULES = YES;
				CLANG_ENABLE_OBJC_ARC = YES;
				CLANG_ENABLE_OBJC_WEAK = YES;
				CLANG_WARN_BLOCK_CAPTURE_AUTORELEASING = YES;
				CLANG_WARN_BOOL_CONVERSION = YES;
				CLANG_WARN_COMMA = YES;
				CLANG_WARN_CONSTANT_CONVERSION = YES;
				CLANG_WARN_DEPRECATED_OBJC_IMPLEMENTATIONS = YES;
				CLANG_WARN_DIRECT_OBJC_ISA_USAGE = YES_ERROR;
				CLANG_WARN_DOCUMENTATION_COMMENTS = YES;
				CLANG_WARN_EMPTY_BODY = YES;
				CLANG_WARN_ENUM_CONVERSION = YES;
				CLANG_WARN_INFINITE_RECURSION = YES;
				CLANG_WARN_INT_CONVERSION = YES;
				CLANG_WARN_NON_LITERAL_NULL_CONVERSION = YES;
				CLANG_WARN_OBJC_IMPLICIT_RETAIN_SELF = YES;
				CLANG_WARN_OBJC_LITERAL_CONVERSION = YES;
				CLANG_WARN_OBJC_ROOT_CLASS = YES_ERROR;
				CLANG_WARN_QUOTED_INCLUDE_IN_FRAMEWORK_HEADER = YES;
				CLANG_WARN_RANGE_LOOP_ANALYSIS = YES;
				CLANG_WARN_STRICT_PROTOTYPES = YES;
				CLANG_WARN_SUSPICIOUS_MOVE = YES;
				CLANG_WARN_UNGUARDED_AVAILABILITY = YES_AGGRESSIVE;
				CLANG_WARN_UNREACHABLE_CODE = YES;
				CLANG_WARN__DUPLICATE_METHOD_MATCH = YES;
				COPY_PHASE_STRIP = NO;
				DEBUG_INFORMATION_FORMAT = "dwarf-with-dsym";
				ENABLE_NS_ASSERTIONS = NO;
				ENABLE_STRICT_OBJC_MSGSEND = YES;
				GCC_C_LANGUAGE_STANDARD = gnu11;
				GCC_NO_COMMON_BLOCKS = YES;
				GCC_WARN_64_TO_32_BIT_CONVERSION = YES;
				GCC_WARN_ABOUT_RETURN_TYPE = YES_ERROR;
				GCC_WARN_UNDECLARED_SELECTOR = YES;
				GCC_WARN_UNINITIALIZED_AUTOS = YES_AGGRESSIVE;
				GCC_WARN_UNUSED_FUNCTION = YES;
				GCC_WARN_UNUSED_VARIABLE = YES;
				IPHONEOS_DEPLOYMENT_TARGET = 16.0;
				MTL_ENABLE_DEBUG_INFO = NO;
				MTL_FAST_MATH = YES;
				SDKROOT = iphoneos;
				SWIFT_COMPILATION_MODE = wholemodule;
				SWIFT_OPTIMIZATION_LEVEL = "-O";
				VALIDATE_PRODUCT = YES;
			};
			name = Release;
		};
		845FAD2A28D7C11C006BF287 /* Debug */ = {
			isa = XCBuildConfiguration;
			buildSettings = {
				ASSETCATALOG_COMPILER_APPICON_NAME = AppIcon;
				ASSETCATALOG_COMPILER_GLOBAL_ACCENT_COLOR_NAME = AccentColor;
				CODE_SIGN_STYLE = Automatic;
				CURRENT_PROJECT_VERSION = 1;
				GENERATE_INFOPLIST_FILE = YES;
				INFOPLIST_FILE = "Twitter Clone/Info.plist";
				INFOPLIST_KEY_UIApplicationSupportsIndirectInputEvents = YES;
				INFOPLIST_KEY_UILaunchStoryboardName = LaunchScreen;
				INFOPLIST_KEY_UISupportedInterfaceOrientations_iPad = "UIInterfaceOrientationPortrait UIInterfaceOrientationPortraitUpsideDown UIInterfaceOrientationLandscapeLeft UIInterfaceOrientationLandscapeRight";
				INFOPLIST_KEY_UISupportedInterfaceOrientations_iPhone = "UIInterfaceOrientationPortrait UIInterfaceOrientationLandscapeLeft UIInterfaceOrientationLandscapeRight";
				LD_RUNPATH_SEARCH_PATHS = (
					"$(inherited)",
					"@executable_path/Frameworks",
				);
				MARKETING_VERSION = 1.0;
				PRODUCT_BUNDLE_IDENTIFIER = "com.husamdemirtas.Twitter-Clone";
				PRODUCT_NAME = "$(TARGET_NAME)";
				SWIFT_EMIT_LOC_STRINGS = YES;
				SWIFT_VERSION = 5.0;
				TARGETED_DEVICE_FAMILY = "1,2";
			};
			name = Debug;
		};
		845FAD2B28D7C11C006BF287 /* Release */ = {
			isa = XCBuildConfiguration;
			buildSettings = {
				ASSETCATALOG_COMPILER_APPICON_NAME = AppIcon;
				ASSETCATALOG_COMPILER_GLOBAL_ACCENT_COLOR_NAME = AccentColor;
				CODE_SIGN_STYLE = Automatic;
				CURRENT_PROJECT_VERSION = 1;
				GENERATE_INFOPLIST_FILE = YES;
				INFOPLIST_FILE = "Twitter Clone/Info.plist";
				INFOPLIST_KEY_UIApplicationSupportsIndirectInputEvents = YES;
				INFOPLIST_KEY_UILaunchStoryboardName = LaunchScreen;
				INFOPLIST_KEY_UISupportedInterfaceOrientations_iPad = "UIInterfaceOrientationPortrait UIInterfaceOrientationPortraitUpsideDown UIInterfaceOrientationLandscapeLeft UIInterfaceOrientationLandscapeRight";
				INFOPLIST_KEY_UISupportedInterfaceOrientations_iPhone = "UIInterfaceOrientationPortrait UIInterfaceOrientationLandscapeLeft UIInterfaceOrientationLandscapeRight";
				LD_RUNPATH_SEARCH_PATHS = (
					"$(inherited)",
					"@executable_path/Frameworks",
				);
				MARKETING_VERSION = 1.0;
				PRODUCT_BUNDLE_IDENTIFIER = "com.husamdemirtas.Twitter-Clone";
				PRODUCT_NAME = "$(TARGET_NAME)";
				SWIFT_EMIT_LOC_STRINGS = YES;
				SWIFT_VERSION = 5.0;
				TARGETED_DEVICE_FAMILY = "1,2";
			};
			name = Release;
		};
/* End XCBuildConfiguration section */

/* Begin XCConfigurationList section */
		845FAD0D28D7C11B006BF287 /* Build configuration list for PBXProject "Twitter Clone" */ = {
			isa = XCConfigurationList;
			buildConfigurations = (
				845FAD2728D7C11C006BF287 /* Debug */,
				845FAD2828D7C11C006BF287 /* Release */,
			);
			defaultConfigurationIsVisible = 0;
			defaultConfigurationName = Release;
		};
		845FAD2928D7C11C006BF287 /* Build configuration list for PBXNativeTarget "Twitter Clone" */ = {
			isa = XCConfigurationList;
			buildConfigurations = (
				845FAD2A28D7C11C006BF287 /* Debug */,
				845FAD2B28D7C11C006BF287 /* Release */,
			);
			defaultConfigurationIsVisible = 0;
			defaultConfigurationName = Release;
		};
/* End XCConfigurationList section */

/* Begin XCVersionGroup section */
		845FAD1E28D7C11B006BF287 /* Twitter_Clone.xcdatamodeld */ = {
			isa = XCVersionGroup;
			children = (
				845FAD1F28D7C11B006BF287 /* Twitter_Clone.xcdatamodel */,
			);
			currentVersion = 845FAD1F28D7C11B006BF287 /* Twitter_Clone.xcdatamodel */;
			path = Twitter_Clone.xcdatamodeld;
			sourceTree = "<group>";
			versionGroupType = wrapper.xcdatamodel;
		};
/* End XCVersionGroup section */
	};
	rootObject = 845FAD0A28D7C11B006BF287 /* Project object */;
}
